// !$*UTF8*$!
{
	archiveVersion = 1;
	classes = {
	};
	objectVersion = 46;
	objects = {

/* Begin PBXBuildFile section */
		01331CAD05BF9D7D3C73A012 /* Pods_Gifsaw.framework in Frameworks */ = {isa = PBXBuildFile; fileRef = 723704EC466142B1976EC4E7 /* Pods_Gifsaw.framework */; };
		6540DBAF1DD16C0C00DB9B12 /* Kingfisher.framework in Frameworks */ = {isa = PBXBuildFile; fileRef = 6540DBAE1DD16C0C00DB9B12 /* Kingfisher.framework */; };
		6557F89D1DCD234600191997 /* AppDelegate.swift in Sources */ = {isa = PBXBuildFile; fileRef = 6557F89C1DCD234600191997 /* AppDelegate.swift */; };
		6557F89F1DCD234600191997 /* ViewController.swift in Sources */ = {isa = PBXBuildFile; fileRef = 6557F89E1DCD234600191997 /* ViewController.swift */; };
		6557F8A51DCD234600191997 /* Gifsaw.xcdatamodeld in Sources */ = {isa = PBXBuildFile; fileRef = 6557F8A31DCD234600191997 /* Gifsaw.xcdatamodeld */; };
		6557F8A71DCD234600191997 /* Assets.xcassets in Resources */ = {isa = PBXBuildFile; fileRef = 6557F8A61DCD234600191997 /* Assets.xcassets */; };
		6557F8AA1DCD234600191997 /* LaunchScreen.storyboard in Resources */ = {isa = PBXBuildFile; fileRef = 6557F8A81DCD234600191997 /* LaunchScreen.storyboard */; };
		6557F8B61DCE771800191997 /* CategoryViewController.swift in Sources */ = {isa = PBXBuildFile; fileRef = 6557F8B51DCE771800191997 /* CategoryViewController.swift */; };
		65746F701DEE148600E2DEA0 /* GridView.swift in Sources */ = {isa = PBXBuildFile; fileRef = 65746F6F1DEE148600E2DEA0 /* GridView.swift */; };
		65746F721DEE14C100E2DEA0 /* CategoryCell.swift in Sources */ = {isa = PBXBuildFile; fileRef = 65746F711DEE14C100E2DEA0 /* CategoryCell.swift */; };
		65746F741DEE151100E2DEA0 /* MediaCell.swift in Sources */ = {isa = PBXBuildFile; fileRef = 65746F731DEE151100E2DEA0 /* MediaCell.swift */; };
		6578D1511DF7AF9F00DA282B /* Difficulty.swift in Sources */ = {isa = PBXBuildFile; fileRef = 6578D1501DF7AF9F00DA282B /* Difficulty.swift */; };
		6578D1531DF7AFBA00DA282B /* PuzzleDelegate.swift in Sources */ = {isa = PBXBuildFile; fileRef = 6578D1521DF7AFBA00DA282B /* PuzzleDelegate.swift */; };
		65AFC8361DE13984007297BC /* PuzzleViewController.swift in Sources */ = {isa = PBXBuildFile; fileRef = 65AFC8351DE13984007297BC /* PuzzleViewController.swift */; };
		65D733251DD6AB1300F4592A /* Popkey.swift in Sources */ = {isa = PBXBuildFile; fileRef = 65D733241DD6AB1300F4592A /* Popkey.swift */; };
		65D733271DD6ABD900F4592A /* Media.swift in Sources */ = {isa = PBXBuildFile; fileRef = 65D733261DD6ABD900F4592A /* Media.swift */; };
		65D733291DD775A800F4592A /* Category.swift in Sources */ = {isa = PBXBuildFile; fileRef = 65D733281DD775A800F4592A /* Category.swift */; };
		65D7332B1DD8C46700F4592A /* MediaViewController.swift in Sources */ = {isa = PBXBuildFile; fileRef = 65D7332A1DD8C46700F4592A /* MediaViewController.swift */; };
		65D7332D1DDB936500F4592A /* PreviewViewController.swift in Sources */ = {isa = PBXBuildFile; fileRef = 65D7332C1DDB936500F4592A /* PreviewViewController.swift */; };
		65D7332F1DDF782600F4592A /* Puzzle.swift in Sources */ = {isa = PBXBuildFile; fileRef = 65D7332E1DDF782600F4592A /* Puzzle.swift */; };
		65EF38481DD2C12300BC22E4 /* Resource.swift in Sources */ = {isa = PBXBuildFile; fileRef = 65EF38471DD2C12300BC22E4 /* Resource.swift */; };
		65EF38501DD2E9EC00BC22E4 /* UIImage+Scale.swift in Sources */ = {isa = PBXBuildFile; fileRef = 65EF384E1DD2E9EC00BC22E4 /* UIImage+Scale.swift */; };
		65EF38511DD2E9EC00BC22E4 /* UIImage+Rotate.swift in Sources */ = {isa = PBXBuildFile; fileRef = 65EF384F1DD2E9EC00BC22E4 /* UIImage+Rotate.swift */; };
/* End PBXBuildFile section */

/* Begin PBXFileReference section */
		6540DBAE1DD16C0C00DB9B12 /* Kingfisher.framework */ = {isa = PBXFileReference; lastKnownFileType = wrapper.framework; name = Kingfisher.framework; path = "../../Library/Developer/Xcode/DerivedData/Gifsaw-dmbygfrpuddqbafdqoimysztahey/Build/Products/Debug-iphonesimulator/Kingfisher.framework"; sourceTree = "<group>"; };
		6557F8991DCD234600191997 /* Gifsaw.app */ = {isa = PBXFileReference; explicitFileType = wrapper.application; includeInIndex = 0; path = Gifsaw.app; sourceTree = BUILT_PRODUCTS_DIR; };
		6557F89C1DCD234600191997 /* AppDelegate.swift */ = {isa = PBXFileReference; lastKnownFileType = sourcecode.swift; path = AppDelegate.swift; sourceTree = "<group>"; };
		6557F89E1DCD234600191997 /* ViewController.swift */ = {isa = PBXFileReference; lastKnownFileType = sourcecode.swift; path = ViewController.swift; sourceTree = "<group>"; };
		6557F8A41DCD234600191997 /* Gifsaw.xcdatamodel */ = {isa = PBXFileReference; lastKnownFileType = wrapper.xcdatamodel; path = Gifsaw.xcdatamodel; sourceTree = "<group>"; };
		6557F8A61DCD234600191997 /* Assets.xcassets */ = {isa = PBXFileReference; lastKnownFileType = folder.assetcatalog; path = Assets.xcassets; sourceTree = "<group>"; };
		6557F8A91DCD234600191997 /* Base */ = {isa = PBXFileReference; lastKnownFileType = file.storyboard; name = Base; path = Base.lproj/LaunchScreen.storyboard; sourceTree = "<group>"; };
		6557F8AB1DCD234600191997 /* Info.plist */ = {isa = PBXFileReference; lastKnownFileType = text.plist.xml; path = Info.plist; sourceTree = "<group>"; };
		6557F8B51DCE771800191997 /* CategoryViewController.swift */ = {isa = PBXFileReference; fileEncoding = 4; lastKnownFileType = sourcecode.swift; path = CategoryViewController.swift; sourceTree = "<group>"; };
		65746F6F1DEE148600E2DEA0 /* GridView.swift */ = {isa = PBXFileReference; fileEncoding = 4; lastKnownFileType = sourcecode.swift; path = GridView.swift; sourceTree = "<group>"; };
		65746F711DEE14C100E2DEA0 /* CategoryCell.swift */ = {isa = PBXFileReference; fileEncoding = 4; lastKnownFileType = sourcecode.swift; path = CategoryCell.swift; sourceTree = "<group>"; };
		65746F731DEE151100E2DEA0 /* MediaCell.swift */ = {isa = PBXFileReference; fileEncoding = 4; lastKnownFileType = sourcecode.swift; path = MediaCell.swift; sourceTree = "<group>"; };
		6578D1501DF7AF9F00DA282B /* Difficulty.swift */ = {isa = PBXFileReference; fileEncoding = 4; lastKnownFileType = sourcecode.swift; path = Difficulty.swift; sourceTree = "<group>"; };
		6578D1521DF7AFBA00DA282B /* PuzzleDelegate.swift */ = {isa = PBXFileReference; fileEncoding = 4; lastKnownFileType = sourcecode.swift; path = PuzzleDelegate.swift; sourceTree = "<group>"; };
		65AFC8351DE13984007297BC /* PuzzleViewController.swift */ = {isa = PBXFileReference; fileEncoding = 4; lastKnownFileType = sourcecode.swift; path = PuzzleViewController.swift; sourceTree = "<group>"; };
		65D733241DD6AB1300F4592A /* Popkey.swift */ = {isa = PBXFileReference; fileEncoding = 4; lastKnownFileType = sourcecode.swift; path = Popkey.swift; sourceTree = "<group>"; };
		65D733261DD6ABD900F4592A /* Media.swift */ = {isa = PBXFileReference; fileEncoding = 4; lastKnownFileType = sourcecode.swift; path = Media.swift; sourceTree = "<group>"; };
		65D733281DD775A800F4592A /* Category.swift */ = {isa = PBXFileReference; fileEncoding = 4; lastKnownFileType = sourcecode.swift; path = Category.swift; sourceTree = "<group>"; };
		65D7332A1DD8C46700F4592A /* MediaViewController.swift */ = {isa = PBXFileReference; fileEncoding = 4; lastKnownFileType = sourcecode.swift; path = MediaViewController.swift; sourceTree = "<group>"; };
		65D7332C1DDB936500F4592A /* PreviewViewController.swift */ = {isa = PBXFileReference; fileEncoding = 4; lastKnownFileType = sourcecode.swift; path = PreviewViewController.swift; sourceTree = "<group>"; };
		65D7332E1DDF782600F4592A /* Puzzle.swift */ = {isa = PBXFileReference; fileEncoding = 4; lastKnownFileType = sourcecode.swift; path = Puzzle.swift; sourceTree = "<group>"; };
		65EF38471DD2C12300BC22E4 /* Resource.swift */ = {isa = PBXFileReference; fileEncoding = 4; lastKnownFileType = sourcecode.swift; path = Resource.swift; sourceTree = "<group>"; };
		65EF384E1DD2E9EC00BC22E4 /* UIImage+Scale.swift */ = {isa = PBXFileReference; fileEncoding = 4; lastKnownFileType = sourcecode.swift; path = "UIImage+Scale.swift"; sourceTree = "<group>"; };
		65EF384F1DD2E9EC00BC22E4 /* UIImage+Rotate.swift */ = {isa = PBXFileReference; fileEncoding = 4; lastKnownFileType = sourcecode.swift; path = "UIImage+Rotate.swift"; sourceTree = "<group>"; };
		723704EC466142B1976EC4E7 /* Pods_Gifsaw.framework */ = {isa = PBXFileReference; explicitFileType = wrapper.framework; includeInIndex = 0; path = Pods_Gifsaw.framework; sourceTree = BUILT_PRODUCTS_DIR; };
		B55C4B02C4C5954C9598C0F5 /* Pods-Gifsaw.debug.xcconfig */ = {isa = PBXFileReference; includeInIndex = 1; lastKnownFileType = text.xcconfig; name = "Pods-Gifsaw.debug.xcconfig"; path = "Pods/Target Support Files/Pods-Gifsaw/Pods-Gifsaw.debug.xcconfig"; sourceTree = "<group>"; };
		C573B1F72BB952EB137CC724 /* Pods-Gifsaw.release.xcconfig */ = {isa = PBXFileReference; includeInIndex = 1; lastKnownFileType = text.xcconfig; name = "Pods-Gifsaw.release.xcconfig"; path = "Pods/Target Support Files/Pods-Gifsaw/Pods-Gifsaw.release.xcconfig"; sourceTree = "<group>"; };
/* End PBXFileReference section */

/* Begin PBXFrameworksBuildPhase section */
		6557F8961DCD234600191997 /* Frameworks */ = {
			isa = PBXFrameworksBuildPhase;
			buildActionMask = 2147483647;
			files = (
				6540DBAF1DD16C0C00DB9B12 /* Kingfisher.framework in Frameworks */,
				01331CAD05BF9D7D3C73A012 /* Pods_Gifsaw.framework in Frameworks */,
			);
			runOnlyForDeploymentPostprocessing = 0;
		};
/* End PBXFrameworksBuildPhase section */

/* Begin PBXGroup section */
		079950288FE81AA151A96C4B /* Pods */ = {
			isa = PBXGroup;
			children = (
				B55C4B02C4C5954C9598C0F5 /* Pods-Gifsaw.debug.xcconfig */,
				C573B1F72BB952EB137CC724 /* Pods-Gifsaw.release.xcconfig */,
			);
			name = Pods;
			sourceTree = "<group>";
		};
		6557F8901DCD234600191997 = {
			isa = PBXGroup;
			children = (
				6557F89B1DCD234600191997 /* Gifsaw */,
				6557F89A1DCD234600191997 /* Products */,
				DEF046820245A486C378F728 /* Frameworks */,
				079950288FE81AA151A96C4B /* Pods */,
			);
			sourceTree = "<group>";
		};
		6557F89A1DCD234600191997 /* Products */ = {
			isa = PBXGroup;
			children = (
				6557F8991DCD234600191997 /* Gifsaw.app */,
			);
			name = Products;
			sourceTree = "<group>";
		};
		6557F89B1DCD234600191997 /* Gifsaw */ = {
			isa = PBXGroup;
			children = (
				6557F89C1DCD234600191997 /* AppDelegate.swift */,
				65EF384C1DD2C14F00BC22E4 /* Network */,
				65EF384B1DD2C14500BC22E4 /* Models */,
				65746F751DEE153700E2DEA0 /* Puzzle */,
				65746F761DEE155A00E2DEA0 /* Search */,
				65746F781DEE163A00E2DEA0 /* Preview */,
				65746F771DEE157C00E2DEA0 /* Helpers */,
				6557F8A61DCD234600191997 /* Assets.xcassets */,
				6557F8A81DCD234600191997 /* LaunchScreen.storyboard */,
				6557F8AB1DCD234600191997 /* Info.plist */,
				6557F8A31DCD234600191997 /* Gifsaw.xcdatamodeld */,
			);
			path = Gifsaw;
			sourceTree = "<group>";
		};
		65746F751DEE153700E2DEA0 /* Puzzle */ = {
			isa = PBXGroup;
			children = (
				6557F89E1DCD234600191997 /* ViewController.swift */,
				6578D1521DF7AFBA00DA282B /* PuzzleDelegate.swift */,
				65AFC8351DE13984007297BC /* PuzzleViewController.swift */,
			);
			name = Puzzle;
			sourceTree = "<group>";
		};
		65746F761DEE155A00E2DEA0 /* Search */ = {
			isa = PBXGroup;
			children = (
				6557F8B51DCE771800191997 /* CategoryViewController.swift */,
				65746F711DEE14C100E2DEA0 /* CategoryCell.swift */,
				65D7332A1DD8C46700F4592A /* MediaViewController.swift */,
				65746F731DEE151100E2DEA0 /* MediaCell.swift */,
			);
			name = Search;
			sourceTree = "<group>";
		};
		65746F771DEE157C00E2DEA0 /* Helpers */ = {
			isa = PBXGroup;
			children = (
				65EF384F1DD2E9EC00BC22E4 /* UIImage+Rotate.swift */,
				65EF384E1DD2E9EC00BC22E4 /* UIImage+Scale.swift */,
			);
			name = Helpers;
			sourceTree = "<group>";
		};
		65746F781DEE163A00E2DEA0 /* Preview */ = {
			isa = PBXGroup;
			children = (
				65746F6F1DEE148600E2DEA0 /* GridView.swift */,
				6578D1501DF7AF9F00DA282B /* Difficulty.swift */,
				65D7332C1DDB936500F4592A /* PreviewViewController.swift */,
			);
			name = Preview;
			sourceTree = "<group>";
		};
		65EF384B1DD2C14500BC22E4 /* Models */ = {
			isa = PBXGroup;
			children = (
				65D7332E1DDF782600F4592A /* Puzzle.swift */,
				65D733261DD6ABD900F4592A /* Media.swift */,
				65D733281DD775A800F4592A /* Category.swift */,
			);
			name = Models;
			sourceTree = "<group>";
		};
		65EF384C1DD2C14F00BC22E4 /* Network */ = {
			isa = PBXGroup;
			children = (
				65D733241DD6AB1300F4592A /* Popkey.swift */,
				65EF38471DD2C12300BC22E4 /* Resource.swift */,
			);
			name = Network;
			sourceTree = "<group>";
		};
		DEF046820245A486C378F728 /* Frameworks */ = {
			isa = PBXGroup;
			children = (
				6540DBAE1DD16C0C00DB9B12 /* Kingfisher.framework */,
				723704EC466142B1976EC4E7 /* Pods_Gifsaw.framework */,
			);
			name = Frameworks;
			sourceTree = "<group>";
		};
/* End PBXGroup section */

/* Begin PBXNativeTarget section */
		6557F8981DCD234600191997 /* Gifsaw */ = {
			isa = PBXNativeTarget;
			buildConfigurationList = 6557F8AE1DCD234600191997 /* Build configuration list for PBXNativeTarget "Gifsaw" */;
			buildPhases = (
				55E00DEA25A02598AD6ABD8A /* [CP] Check Pods Manifest.lock */,
				6557F8951DCD234600191997 /* Sources */,
				6557F8961DCD234600191997 /* Frameworks */,
				6557F8971DCD234600191997 /* Resources */,
				E7A9AF16DE1EF906D35C4306 /* [CP] Embed Pods Frameworks */,
				AB703A31C008193B8BE5E891 /* [CP] Copy Pods Resources */,
			);
			buildRules = (
			);
			dependencies = (
			);
			name = Gifsaw;
			productName = Gifsaw;
			productReference = 6557F8991DCD234600191997 /* Gifsaw.app */;
			productType = "com.apple.product-type.application";
		};
/* End PBXNativeTarget section */

/* Begin PBXProject section */
		6557F8911DCD234600191997 /* Project object */ = {
			isa = PBXProject;
			attributes = {
				LastSwiftUpdateCheck = 0800;
				LastUpgradeCheck = 0800;
				ORGANIZATIONNAME = "Daniel Hooper";
				TargetAttributes = {
					6557F8981DCD234600191997 = {
						CreatedOnToolsVersion = 8.0;
						DevelopmentTeam = 6W3D273VP2;
						LastSwiftMigration = 0810;
						ProvisioningStyle = Automatic;
					};
				};
			};
			buildConfigurationList = 6557F8941DCD234600191997 /* Build configuration list for PBXProject "Gifsaw" */;
			compatibilityVersion = "Xcode 3.2";
			developmentRegion = English;
			hasScannedForEncodings = 0;
			knownRegions = (
				en,
				Base,
			);
			mainGroup = 6557F8901DCD234600191997;
			productRefGroup = 6557F89A1DCD234600191997 /* Products */;
			projectDirPath = "";
			projectRoot = "";
			targets = (
				6557F8981DCD234600191997 /* Gifsaw */,
			);
		};
/* End PBXProject section */

/* Begin PBXResourcesBuildPhase section */
		6557F8971DCD234600191997 /* Resources */ = {
			isa = PBXResourcesBuildPhase;
			buildActionMask = 2147483647;
			files = (
				6557F8AA1DCD234600191997 /* LaunchScreen.storyboard in Resources */,
				6557F8A71DCD234600191997 /* Assets.xcassets in Resources */,
			);
			runOnlyForDeploymentPostprocessing = 0;
		};
/* End PBXResourcesBuildPhase section */

/* Begin PBXShellScriptBuildPhase section */
		55E00DEA25A02598AD6ABD8A /* [CP] Check Pods Manifest.lock */ = {
			isa = PBXShellScriptBuildPhase;
			buildActionMask = 2147483647;
			files = (
			);
			inputPaths = (
			);
			name = "[CP] Check Pods Manifest.lock";
			outputPaths = (
			);
			runOnlyForDeploymentPostprocessing = 0;
			shellPath = /bin/sh;
			shellScript = "diff \"${PODS_ROOT}/../Podfile.lock\" \"${PODS_ROOT}/Manifest.lock\" > /dev/null\nif [ $? != 0 ] ; then\n    # print error to STDERR\n    echo \"error: The sandbox is not in sync with the Podfile.lock. Run 'pod install' or update your CocoaPods installation.\" >&2\n    exit 1\nfi\n";
			showEnvVarsInLog = 0;
		};
		AB703A31C008193B8BE5E891 /* [CP] Copy Pods Resources */ = {
			isa = PBXShellScriptBuildPhase;
			buildActionMask = 2147483647;
			files = (
			);
			inputPaths = (
			);
			name = "[CP] Copy Pods Resources";
			outputPaths = (
			);
			runOnlyForDeploymentPostprocessing = 0;
			shellPath = /bin/sh;
			shellScript = "\"${SRCROOT}/Pods/Target Support Files/Pods-Gifsaw/Pods-Gifsaw-resources.sh\"\n";
			showEnvVarsInLog = 0;
		};
		E7A9AF16DE1EF906D35C4306 /* [CP] Embed Pods Frameworks */ = {
			isa = PBXShellScriptBuildPhase;
			buildActionMask = 2147483647;
			files = (
			);
			inputPaths = (
			);
			name = "[CP] Embed Pods Frameworks";
			outputPaths = (
			);
			runOnlyForDeploymentPostprocessing = 0;
			shellPath = /bin/sh;
			shellScript = "\"${SRCROOT}/Pods/Target Support Files/Pods-Gifsaw/Pods-Gifsaw-frameworks.sh\"\n";
			showEnvVarsInLog = 0;
		};
/* End PBXShellScriptBuildPhase section */

/* Begin PBXSourcesBuildPhase section */
		6557F8951DCD234600191997 /* Sources */ = {
			isa = PBXSourcesBuildPhase;
			buildActionMask = 2147483647;
			files = (
				65D7332F1DDF782600F4592A /* Puzzle.swift in Sources */,
				65D733251DD6AB1300F4592A /* Popkey.swift in Sources */,
				65EF38511DD2E9EC00BC22E4 /* UIImage+Rotate.swift in Sources */,
				6557F8A51DCD234600191997 /* Gifsaw.xcdatamodeld in Sources */,
				65746F741DEE151100E2DEA0 /* MediaCell.swift in Sources */,
				6557F89F1DCD234600191997 /* ViewController.swift in Sources */,
				65EF38481DD2C12300BC22E4 /* Resource.swift in Sources */,
				65AFC8361DE13984007297BC /* PuzzleViewController.swift in Sources */,
				65D733271DD6ABD900F4592A /* Media.swift in Sources */,
				65746F701DEE148600E2DEA0 /* GridView.swift in Sources */,
				65D7332B1DD8C46700F4592A /* MediaViewController.swift in Sources */,
				65EF38501DD2E9EC00BC22E4 /* UIImage+Scale.swift in Sources */,
				65746F721DEE14C100E2DEA0 /* CategoryCell.swift in Sources */,
				65D7332D1DDB936500F4592A /* PreviewViewController.swift in Sources */,
				6578D1511DF7AF9F00DA282B /* Difficulty.swift in Sources */,
				6557F89D1DCD234600191997 /* AppDelegate.swift in Sources */,
				65D733291DD775A800F4592A /* Category.swift in Sources */,
				6578D1531DF7AFBA00DA282B /* PuzzleDelegate.swift in Sources */,
				6557F8B61DCE771800191997 /* CategoryViewController.swift in Sources */,
			);
			runOnlyForDeploymentPostprocessing = 0;
		};
/* End PBXSourcesBuildPhase section */

/* Begin PBXVariantGroup section */
		6557F8A81DCD234600191997 /* LaunchScreen.storyboard */ = {
			isa = PBXVariantGroup;
			children = (
				6557F8A91DCD234600191997 /* Base */,
			);
			name = LaunchScreen.storyboard;
			sourceTree = "<group>";
		};
/* End PBXVariantGroup section */

/* Begin XCBuildConfiguration section */
		6557F8AC1DCD234600191997 /* Debug */ = {
			isa = XCBuildConfiguration;
			buildSettings = {
				ALWAYS_SEARCH_USER_PATHS = NO;
				CLANG_ANALYZER_NONNULL = YES;
				CLANG_CXX_LANGUAGE_STANDARD = "gnu++0x";
				CLANG_CXX_LIBRARY = "libc++";
				CLANG_ENABLE_MODULES = YES;
				CLANG_ENABLE_OBJC_ARC = YES;
				CLANG_WARN_BOOL_CONVERSION = YES;
				CLANG_WARN_CONSTANT_CONVERSION = YES;
				CLANG_WARN_DIRECT_OBJC_ISA_USAGE = YES_ERROR;
				CLANG_WARN_DOCUMENTATION_COMMENTS = YES;
				CLANG_WARN_EMPTY_BODY = YES;
				CLANG_WARN_ENUM_CONVERSION = YES;
				CLANG_WARN_INFINITE_RECURSION = YES;
				CLANG_WARN_INT_CONVERSION = YES;
				CLANG_WARN_OBJC_ROOT_CLASS = YES_ERROR;
				CLANG_WARN_SUSPICIOUS_MOVES = YES;
				CLANG_WARN_UNREACHABLE_CODE = YES;
				CLANG_WARN__DUPLICATE_METHOD_MATCH = YES;
				"CODE_SIGN_IDENTITY[sdk=iphoneos*]" = "iPhone Developer";
				COPY_PHASE_STRIP = NO;
				DEBUG_INFORMATION_FORMAT = dwarf;
				ENABLE_STRICT_OBJC_MSGSEND = YES;
				ENABLE_TESTABILITY = YES;
				GCC_C_LANGUAGE_STANDARD = gnu99;
				GCC_DYNAMIC_NO_PIC = NO;
				GCC_NO_COMMON_BLOCKS = YES;
				GCC_OPTIMIZATION_LEVEL = 0;
				GCC_PREPROCESSOR_DEFINITIONS = (
					"DEBUG=1",
					"$(inherited)",
				);
				GCC_WARN_64_TO_32_BIT_CONVERSION = YES;
				GCC_WARN_ABOUT_RETURN_TYPE = YES_ERROR;
				GCC_WARN_UNDECLARED_SELECTOR = YES;
				GCC_WARN_UNINITIALIZED_AUTOS = YES_AGGRESSIVE;
				GCC_WARN_UNUSED_FUNCTION = YES;
				GCC_WARN_UNUSED_VARIABLE = YES;
				IPHONEOS_DEPLOYMENT_TARGET = 10.0;
				MTL_ENABLE_DEBUG_INFO = YES;
				ONLY_ACTIVE_ARCH = YES;
				SDKROOT = iphoneos;
				SWIFT_ACTIVE_COMPILATION_CONDITIONS = DEBUG;
				SWIFT_OPTIMIZATION_LEVEL = "-Onone";
				TARGETED_DEVICE_FAMILY = "1,2";
			};
			name = Debug;
		};
		6557F8AD1DCD234600191997 /* Release */ = {
			isa = XCBuildConfiguration;
			buildSettings = {
				ALWAYS_SEARCH_USER_PATHS = NO;
				CLANG_ANALYZER_NONNULL = YES;
				CLANG_CXX_LANGUAGE_STANDARD = "gnu++0x";
				CLANG_CXX_LIBRARY = "libc++";
				CLANG_ENABLE_MODULES = YES;
				CLANG_ENABLE_OBJC_ARC = YES;
				CLANG_WARN_BOOL_CONVERSION = YES;
				CLANG_WARN_CONSTANT_CONVERSION = YES;
				CLANG_WARN_DIRECT_OBJC_ISA_USAGE = YES_ERROR;
				CLANG_WARN_DOCUMENTATION_COMMENTS = YES;
				CLANG_WARN_EMPTY_BODY = YES;
				CLANG_WARN_ENUM_CONVERSION = YES;
				CLANG_WARN_INFINITE_RECURSION = YES;
				CLANG_WARN_INT_CONVERSION = YES;
				CLANG_WARN_OBJC_ROOT_CLASS = YES_ERROR;
				CLANG_WARN_SUSPICIOUS_MOVES = YES;
				CLANG_WARN_UNREACHABLE_CODE = YES;
				CLANG_WARN__DUPLICATE_METHOD_MATCH = YES;
				"CODE_SIGN_IDENTITY[sdk=iphoneos*]" = "iPhone Developer";
				COPY_PHASE_STRIP = NO;
				DEBUG_INFORMATION_FORMAT = "dwarf-with-dsym";
				ENABLE_NS_ASSERTIONS = NO;
				ENABLE_STRICT_OBJC_MSGSEND = YES;
				GCC_C_LANGUAGE_STANDARD = gnu99;
				GCC_NO_COMMON_BLOCKS = YES;
				GCC_WARN_64_TO_32_BIT_CONVERSION = YES;
				GCC_WARN_ABOUT_RETURN_TYPE = YES_ERROR;
				GCC_WARN_UNDECLARED_SELECTOR = YES;
				GCC_WARN_UNINITIALIZED_AUTOS = YES_AGGRESSIVE;
				GCC_WARN_UNUSED_FUNCTION = YES;
				GCC_WARN_UNUSED_VARIABLE = YES;
				IPHONEOS_DEPLOYMENT_TARGET = 10.0;
				MTL_ENABLE_DEBUG_INFO = NO;
				SDKROOT = iphoneos;
				SWIFT_OPTIMIZATION_LEVEL = "-Owholemodule";
				TARGETED_DEVICE_FAMILY = "1,2";
				VALIDATE_PRODUCT = YES;
			};
			name = Release;
		};
		6557F8AF1DCD234600191997 /* Debug */ = {
			isa = XCBuildConfiguration;
			baseConfigurationReference = B55C4B02C4C5954C9598C0F5 /* Pods-Gifsaw.debug.xcconfig */;
			buildSettings = {
				ASSETCATALOG_COMPILER_APPICON_NAME = AppIcon;
				CLANG_ENABLE_MODULES = YES;
				DEVELOPMENT_TEAM = 6W3D273VP2;
				INFOPLIST_FILE = Gifsaw/Info.plist;
				LD_RUNPATH_SEARCH_PATHS = "$(inherited) @executable_path/Frameworks";
				PRODUCT_BUNDLE_IDENTIFIER = ca.danielhooper.Gifsaw;
				PRODUCT_NAME = "$(TARGET_NAME)";
				SWIFT_OBJC_BRIDGING_HEADER = "";
				SWIFT_OPTIMIZATION_LEVEL = "-Onone";
				SWIFT_VERSION = 3.0;
			};
			name = Debug;
		};
		6557F8B01DCD234600191997 /* Release */ = {
			isa = XCBuildConfiguration;
			baseConfigurationReference = C573B1F72BB952EB137CC724 /* Pods-Gifsaw.release.xcconfig */;
			buildSettings = {
				ASSETCATALOG_COMPILER_APPICON_NAME = AppIcon;
				CLANG_ENABLE_MODULES = YES;
				DEVELOPMENT_TEAM = 6W3D273VP2;
				INFOPLIST_FILE = Gifsaw/Info.plist;
				LD_RUNPATH_SEARCH_PATHS = "$(inherited) @executable_path/Frameworks";
				PRODUCT_BUNDLE_IDENTIFIER = ca.danielhooper.Gifsaw;
				PRODUCT_NAME = "$(TARGET_NAME)";
				SWIFT_OBJC_BRIDGING_HEADER = "";
				SWIFT_VERSION = 3.0;
			};
			name = Release;
		};
/* End XCBuildConfiguration section */

/* Begin XCConfigurationList section */
		6557F8941DCD234600191997 /* Build configuration list for PBXProject "Gifsaw" */ = {
			isa = XCConfigurationList;
			buildConfigurations = (
				6557F8AC1DCD234600191997 /* Debug */,
				6557F8AD1DCD234600191997 /* Release */,
			);
			defaultConfigurationIsVisible = 0;
			defaultConfigurationName = Release;
		};
		6557F8AE1DCD234600191997 /* Build configuration list for PBXNativeTarget "Gifsaw" */ = {
			isa = XCConfigurationList;
			buildConfigurations = (
				6557F8AF1DCD234600191997 /* Debug */,
				6557F8B01DCD234600191997 /* Release */,
			);
			defaultConfigurationIsVisible = 0;
			defaultConfigurationName = Release;
		};
/* End XCConfigurationList section */

/* Begin XCVersionGroup section */
		6557F8A31DCD234600191997 /* Gifsaw.xcdatamodeld */ = {
			isa = XCVersionGroup;
			children = (
				6557F8A41DCD234600191997 /* Gifsaw.xcdatamodel */,
			);
			currentVersion = 6557F8A41DCD234600191997 /* Gifsaw.xcdatamodel */;
			path = Gifsaw.xcdatamodeld;
			sourceTree = "<group>";
			versionGroupType = wrapper.xcdatamodel;
		};
/* End XCVersionGroup section */
	};
	rootObject = 6557F8911DCD234600191997 /* Project object */;
}
